// !$*UTF8*$!
{
	archiveVersion = 1;
	classes = {
	};
	objectVersion = 50;
	objects = {

/* Begin PBXBuildFile section */
		F81C54D0269C287C0064AE9F /* NetworkService.swift in Sources */ = {isa = PBXBuildFile; fileRef = F81C54CF269C287C0064AE9F /* NetworkService.swift */; };
		F81C54D2269C2C310064AE9F /* NetworkStatusHandler.swift in Sources */ = {isa = PBXBuildFile; fileRef = F81C54D1269C2C310064AE9F /* NetworkStatusHandler.swift */; };
		F81C54D4269C2C400064AE9F /* Serializer.swift in Sources */ = {isa = PBXBuildFile; fileRef = F81C54D3269C2C400064AE9F /* Serializer.swift */; };
		F81C54D8269C2D480064AE9F /* Post.swift in Sources */ = {isa = PBXBuildFile; fileRef = F81C54D7269C2D480064AE9F /* Post.swift */; };
		F81C54DA269C2D640064AE9F /* Comment.swift in Sources */ = {isa = PBXBuildFile; fileRef = F81C54D9269C2D640064AE9F /* Comment.swift */; };
		F81C54DD269C2D9D0064AE9F /* PostsNetworkServices.swift in Sources */ = {isa = PBXBuildFile; fileRef = F81C54DC269C2D9D0064AE9F /* PostsNetworkServices.swift */; };
		F81C54DF269C2DD30064AE9F /* Environment.swift in Sources */ = {isa = PBXBuildFile; fileRef = F81C54DE269C2DD30064AE9F /* Environment.swift */; };
		F87F1D69269C258300E9BB38 /* SocialMediaApp.swift in Sources */ = {isa = PBXBuildFile; fileRef = F87F1D68269C258300E9BB38 /* SocialMediaApp.swift */; };
		F87F1D6B269C258300E9BB38 /* PostsListView.swift in Sources */ = {isa = PBXBuildFile; fileRef = F87F1D6A269C258300E9BB38 /* PostsListView.swift */; };
		F87F1D6D269C258500E9BB38 /* Assets.xcassets in Resources */ = {isa = PBXBuildFile; fileRef = F87F1D6C269C258500E9BB38 /* Assets.xcassets */; };
		F87F1D70269C258500E9BB38 /* Preview Assets.xcassets in Resources */ = {isa = PBXBuildFile; fileRef = F87F1D6F269C258500E9BB38 /* Preview Assets.xcassets */; };
		F89951AA269D8F4E00950525 /* PostsListViewModel.swift in Sources */ = {isa = PBXBuildFile; fileRef = F89951A9269D8F4E00950525 /* PostsListViewModel.swift */; };
		F89951AC269D8F9100950525 /* PostView.swift in Sources */ = {isa = PBXBuildFile; fileRef = F89951AB269D8F9100950525 /* PostView.swift */; };
		F89951AF269D9A1600950525 /* PostCommentsView.swift in Sources */ = {isa = PBXBuildFile; fileRef = F89951AE269D9A1600950525 /* PostCommentsView.swift */; };
		F89951B1269D9A7900950525 /* PostCommentsViewModel.swift in Sources */ = {isa = PBXBuildFile; fileRef = F89951B0269D9A7900950525 /* PostCommentsViewModel.swift */; };
		F89951BB269DA83100950525 /* ColorPallete.swift in Sources */ = {isa = PBXBuildFile; fileRef = F89951BA269DA83100950525 /* ColorPallete.swift */; };
/* End PBXBuildFile section */

/* Begin PBXFileReference section */
		F81C54CF269C287C0064AE9F /* NetworkService.swift */ = {isa = PBXFileReference; lastKnownFileType = sourcecode.swift; path = NetworkService.swift; sourceTree = "<group>"; };
		F81C54D1269C2C310064AE9F /* NetworkStatusHandler.swift */ = {isa = PBXFileReference; lastKnownFileType = sourcecode.swift; path = NetworkStatusHandler.swift; sourceTree = "<group>"; };
		F81C54D3269C2C400064AE9F /* Serializer.swift */ = {isa = PBXFileReference; lastKnownFileType = sourcecode.swift; path = Serializer.swift; sourceTree = "<group>"; };
		F81C54D7269C2D480064AE9F /* Post.swift */ = {isa = PBXFileReference; lastKnownFileType = sourcecode.swift; path = Post.swift; sourceTree = "<group>"; };
		F81C54D9269C2D640064AE9F /* Comment.swift */ = {isa = PBXFileReference; lastKnownFileType = sourcecode.swift; path = Comment.swift; sourceTree = "<group>"; };
		F81C54DC269C2D9D0064AE9F /* PostsNetworkServices.swift */ = {isa = PBXFileReference; lastKnownFileType = sourcecode.swift; path = PostsNetworkServices.swift; sourceTree = "<group>"; };
		F81C54DE269C2DD30064AE9F /* Environment.swift */ = {isa = PBXFileReference; lastKnownFileType = sourcecode.swift; path = Environment.swift; sourceTree = "<group>"; };
		F87F1D65269C258300E9BB38 /* social-media.app */ = {isa = PBXFileReference; explicitFileType = wrapper.application; includeInIndex = 0; path = "social-media.app"; sourceTree = BUILT_PRODUCTS_DIR; };
		F87F1D68269C258300E9BB38 /* SocialMediaApp.swift */ = {isa = PBXFileReference; lastKnownFileType = sourcecode.swift; path = SocialMediaApp.swift; sourceTree = "<group>"; };
		F87F1D6A269C258300E9BB38 /* PostsListView.swift */ = {isa = PBXFileReference; lastKnownFileType = sourcecode.swift; path = PostsListView.swift; sourceTree = "<group>"; };
		F87F1D6C269C258500E9BB38 /* Assets.xcassets */ = {isa = PBXFileReference; lastKnownFileType = folder.assetcatalog; path = Assets.xcassets; sourceTree = "<group>"; };
		F87F1D6F269C258500E9BB38 /* Preview Assets.xcassets */ = {isa = PBXFileReference; lastKnownFileType = folder.assetcatalog; path = "Preview Assets.xcassets"; sourceTree = "<group>"; };
		F87F1D71269C258500E9BB38 /* Info.plist */ = {isa = PBXFileReference; lastKnownFileType = text.plist.xml; path = Info.plist; sourceTree = "<group>"; };
		F89951A9269D8F4E00950525 /* PostsListViewModel.swift */ = {isa = PBXFileReference; lastKnownFileType = sourcecode.swift; path = PostsListViewModel.swift; sourceTree = "<group>"; };
		F89951AB269D8F9100950525 /* PostView.swift */ = {isa = PBXFileReference; lastKnownFileType = sourcecode.swift; path = PostView.swift; sourceTree = "<group>"; };
		F89951AE269D9A1600950525 /* PostCommentsView.swift */ = {isa = PBXFileReference; lastKnownFileType = sourcecode.swift; path = PostCommentsView.swift; sourceTree = "<group>"; };
		F89951B0269D9A7900950525 /* PostCommentsViewModel.swift */ = {isa = PBXFileReference; lastKnownFileType = sourcecode.swift; path = PostCommentsViewModel.swift; sourceTree = "<group>"; };
		F89951BA269DA83100950525 /* ColorPallete.swift */ = {isa = PBXFileReference; lastKnownFileType = sourcecode.swift; path = ColorPallete.swift; sourceTree = "<group>"; };
/* End PBXFileReference section */

/* Begin PBXFrameworksBuildPhase section */
		F87F1D62269C258300E9BB38 /* Frameworks */ = {
			isa = PBXFrameworksBuildPhase;
			buildActionMask = 2147483647;
			files = (
			);
			runOnlyForDeploymentPostprocessing = 0;
		};
/* End PBXFrameworksBuildPhase section */

/* Begin PBXGroup section */
		F81C54CE269C28640064AE9F /* Network */ = {
			isa = PBXGroup;
			children = (
				F81C54E1269C2E3B0064AE9F /* Base */,
				F81C54DB269C2D850064AE9F /* Services */,
				F81C54D5269C2D170064AE9F /* DataModels */,
			);
			path = Network;
			sourceTree = "<group>";
		};
		F81C54D5269C2D170064AE9F /* DataModels */ = {
			isa = PBXGroup;
			children = (
				F81C54D7269C2D480064AE9F /* Post.swift */,
				F81C54D9269C2D640064AE9F /* Comment.swift */,
			);
			path = DataModels;
			sourceTree = "<group>";
		};
		F81C54DB269C2D850064AE9F /* Services */ = {
			isa = PBXGroup;
			children = (
				F81C54DC269C2D9D0064AE9F /* PostsNetworkServices.swift */,
			);
			path = Services;
			sourceTree = "<group>";
		};
		F81C54E0269C2DDB0064AE9F /* Settings */ = {
			isa = PBXGroup;
			children = (
				F81C54DE269C2DD30064AE9F /* Environment.swift */,
			);
			path = Settings;
			sourceTree = "<group>";
		};
		F81C54E1269C2E3B0064AE9F /* Base */ = {
			isa = PBXGroup;
			children = (
				F81C54CF269C287C0064AE9F /* NetworkService.swift */,
				F81C54D1269C2C310064AE9F /* NetworkStatusHandler.swift */,
				F81C54D3269C2C400064AE9F /* Serializer.swift */,
			);
			path = Base;
			sourceTree = "<group>";
		};
		F87F1D5C269C258300E9BB38 = {
			isa = PBXGroup;
			children = (
				F87F1D67269C258300E9BB38 /* SocialMedia */,
				F87F1D66269C258300E9BB38 /* Products */,
			);
			sourceTree = "<group>";
		};
		F87F1D66269C258300E9BB38 /* Products */ = {
			isa = PBXGroup;
			children = (
				F87F1D65269C258300E9BB38 /* social-media.app */,
			);
			name = Products;
			sourceTree = "<group>";
		};
		F87F1D67269C258300E9BB38 /* SocialMedia */ = {
			isa = PBXGroup;
			children = (
				F89951B9269DA82800950525 /* Shared */,
				F89951AD269D8FB800950525 /* Views */,
				F81C54E0269C2DDB0064AE9F /* Settings */,
				F81C54CE269C28640064AE9F /* Network */,
				F87F1D68269C258300E9BB38 /* SocialMediaApp.swift */,
				F87F1D6C269C258500E9BB38 /* Assets.xcassets */,
				F87F1D71269C258500E9BB38 /* Info.plist */,
				F87F1D6E269C258500E9BB38 /* Preview Content */,
			);
			path = SocialMedia;
			sourceTree = "<group>";
		};
		F87F1D6E269C258500E9BB38 /* Preview Content */ = {
			isa = PBXGroup;
			children = (
				F87F1D6F269C258500E9BB38 /* Preview Assets.xcassets */,
			);
			path = "Preview Content";
			sourceTree = "<group>";
		};
		F89951AD269D8FB800950525 /* Views */ = {
			isa = PBXGroup;
			children = (
				F89951B3269D9D5400950525 /* PostCommentsView */,
				F89951B2269D9D4800950525 /* PostsListView */,
			);
			path = Views;
			sourceTree = "<group>";
		};
		F89951B2269D9D4800950525 /* PostsListView */ = {
			isa = PBXGroup;
			children = (
				F89951AB269D8F9100950525 /* PostView.swift */,
				F87F1D6A269C258300E9BB38 /* PostsListView.swift */,
				F89951A9269D8F4E00950525 /* PostsListViewModel.swift */,
			);
			path = PostsListView;
			sourceTree = "<group>";
		};
		F89951B3269D9D5400950525 /* PostCommentsView */ = {
			isa = PBXGroup;
			children = (
				F89951AE269D9A1600950525 /* PostCommentsView.swift */,
				F89951B0269D9A7900950525 /* PostCommentsViewModel.swift */,
			);
			path = PostCommentsView;
			sourceTree = "<group>";
		};
		F89951B9269DA82800950525 /* Shared */ = {
			isa = PBXGroup;
			children = (
				F89951BA269DA83100950525 /* ColorPallete.swift */,
			);
			path = Shared;
			sourceTree = "<group>";
		};
/* End PBXGroup section */

/* Begin PBXNativeTarget section */
		F87F1D64269C258300E9BB38 /* social-media */ = {
			isa = PBXNativeTarget;
			buildConfigurationList = F87F1D74269C258500E9BB38 /* Build configuration list for PBXNativeTarget "social-media" */;
			buildPhases = (
				F87F1D61269C258300E9BB38 /* Sources */,
				F87F1D62269C258300E9BB38 /* Frameworks */,
				F87F1D63269C258300E9BB38 /* Resources */,
			);
			buildRules = (
			);
			dependencies = (
			);
			name = "social-media";
			productName = "social-media";
			productReference = F87F1D65269C258300E9BB38 /* social-media.app */;
			productType = "com.apple.product-type.application";
		};
/* End PBXNativeTarget section */

/* Begin PBXProject section */
		F87F1D5D269C258300E9BB38 /* Project object */ = {
			isa = PBXProject;
			attributes = {
				LastSwiftUpdateCheck = 1250;
				LastUpgradeCheck = 1250;
				TargetAttributes = {
					F87F1D64269C258300E9BB38 = {
						CreatedOnToolsVersion = 12.5.1;
					};
				};
			};
			buildConfigurationList = F87F1D60269C258300E9BB38 /* Build configuration list for PBXProject "social-media" */;
			compatibilityVersion = "Xcode 9.3";
			developmentRegion = en;
			hasScannedForEncodings = 0;
			knownRegions = (
				en,
				Base,
			);
			mainGroup = F87F1D5C269C258300E9BB38;
			productRefGroup = F87F1D66269C258300E9BB38 /* Products */;
			projectDirPath = "";
			projectRoot = "";
			targets = (
				F87F1D64269C258300E9BB38 /* social-media */,
			);
		};
/* End PBXProject section */

/* Begin PBXResourcesBuildPhase section */
		F87F1D63269C258300E9BB38 /* Resources */ = {
			isa = PBXResourcesBuildPhase;
			buildActionMask = 2147483647;
			files = (
				F87F1D70269C258500E9BB38 /* Preview Assets.xcassets in Resources */,
				F87F1D6D269C258500E9BB38 /* Assets.xcassets in Resources */,
			);
			runOnlyForDeploymentPostprocessing = 0;
		};
/* End PBXResourcesBuildPhase section */

/* Begin PBXSourcesBuildPhase section */
		F87F1D61269C258300E9BB38 /* Sources */ = {
			isa = PBXSourcesBuildPhase;
			buildActionMask = 2147483647;
			files = (
				F87F1D6B269C258300E9BB38 /* PostsListView.swift in Sources */,
				F81C54DA269C2D640064AE9F /* Comment.swift in Sources */,
				F81C54D2269C2C310064AE9F /* NetworkStatusHandler.swift in Sources */,
				F81C54D0269C287C0064AE9F /* NetworkService.swift in Sources */,
				F89951AF269D9A1600950525 /* PostCommentsView.swift in Sources */,
				F81C54DF269C2DD30064AE9F /* Environment.swift in Sources */,
				F81C54DD269C2D9D0064AE9F /* PostsNetworkServices.swift in Sources */,
				F89951BB269DA83100950525 /* ColorPallete.swift in Sources */,
				F89951AA269D8F4E00950525 /* PostsListViewModel.swift in Sources */,
				F81C54D8269C2D480064AE9F /* Post.swift in Sources */,
				F87F1D69269C258300E9BB38 /* SocialMediaApp.swift in Sources */,
				F89951B1269D9A7900950525 /* PostCommentsViewModel.swift in Sources */,
				F81C54D4269C2C400064AE9F /* Serializer.swift in Sources */,
				F89951AC269D8F9100950525 /* PostView.swift in Sources */,
			);
			runOnlyForDeploymentPostprocessing = 0;
		};
/* End PBXSourcesBuildPhase section */

/* Begin XCBuildConfiguration section */
		F87F1D72269C258500E9BB38 /* Debug */ = {
			isa = XCBuildConfiguration;
			buildSettings = {
				ALWAYS_SEARCH_USER_PATHS = NO;
				CLANG_ANALYZER_NONNULL = YES;
				CLANG_ANALYZER_NUMBER_OBJECT_CONVERSION = YES_AGGRESSIVE;
				CLANG_CXX_LANGUAGE_STANDARD = "gnu++14";
				CLANG_CXX_LIBRARY = "libc++";
				CLANG_ENABLE_MODULES = YES;
				CLANG_ENABLE_OBJC_ARC = YES;
				CLANG_ENABLE_OBJC_WEAK = YES;
				CLANG_WARN_BLOCK_CAPTURE_AUTORELEASING = YES;
				CLANG_WARN_BOOL_CONVERSION = YES;
				CLANG_WARN_COMMA = YES;
				CLANG_WARN_CONSTANT_CONVERSION = YES;
				CLANG_WARN_DEPRECATED_OBJC_IMPLEMENTATIONS = YES;
				CLANG_WARN_DIRECT_OBJC_ISA_USAGE = YES_ERROR;
				CLANG_WARN_DOCUMENTATION_COMMENTS = YES;
				CLANG_WARN_EMPTY_BODY = YES;
				CLANG_WARN_ENUM_CONVERSION = YES;
				CLANG_WARN_INFINITE_RECURSION = YES;
				CLANG_WARN_INT_CONVERSION = YES;
				CLANG_WARN_NON_LITERAL_NULL_CONVERSION = YES;
				CLANG_WARN_OBJC_IMPLICIT_RETAIN_SELF = YES;
				CLANG_WARN_OBJC_LITERAL_CONVERSION = YES;
				CLANG_WARN_OBJC_ROOT_CLASS = YES_ERROR;
				CLANG_WARN_QUOTED_INCLUDE_IN_FRAMEWORK_HEADER = YES;
				CLANG_WARN_RANGE_LOOP_ANALYSIS = YES;
				CLANG_WARN_STRICT_PROTOTYPES = YES;
				CLANG_WARN_SUSPICIOUS_MOVE = YES;
				CLANG_WARN_UNGUARDED_AVAILABILITY = YES_AGGRESSIVE;
				CLANG_WARN_UNREACHABLE_CODE = YES;
				CLANG_WARN__DUPLICATE_METHOD_MATCH = YES;
				COPY_PHASE_STRIP = NO;
				DEBUG_INFORMATION_FORMAT = dwarf;
				ENABLE_STRICT_OBJC_MSGSEND = YES;
				ENABLE_TESTABILITY = YES;
				GCC_C_LANGUAGE_STANDARD = gnu11;
				GCC_DYNAMIC_NO_PIC = NO;
				GCC_NO_COMMON_BLOCKS = YES;
				GCC_OPTIMIZATION_LEVEL = 0;
				GCC_PREPROCESSOR_DEFINITIONS = (
					"DEBUG=1",
					"$(inherited)",
				);
				GCC_WARN_64_TO_32_BIT_CONVERSION = YES;
				GCC_WARN_ABOUT_RETURN_TYPE = YES_ERROR;
				GCC_WARN_UNDECLARED_SELECTOR = YES;
				GCC_WARN_UNINITIALIZED_AUTOS = YES_AGGRESSIVE;
				GCC_WARN_UNUSED_FUNCTION = YES;
				GCC_WARN_UNUSED_VARIABLE = YES;
				IPHONEOS_DEPLOYMENT_TARGET = 14.5;
				MTL_ENABLE_DEBUG_INFO = INCLUDE_SOURCE;
				MTL_FAST_MATH = YES;
				ONLY_ACTIVE_ARCH = YES;
				SDKROOT = iphoneos;
				SWIFT_ACTIVE_COMPILATION_CONDITIONS = DEBUG;
				SWIFT_OPTIMIZATION_LEVEL = "-Onone";
			};
			name = Debug;
		};
		F87F1D73269C258500E9BB38 /* Release */ = {
			isa = XCBuildConfiguration;
			buildSettings = {
				ALWAYS_SEARCH_USER_PATHS = NO;
				CLANG_ANALYZER_NONNULL = YES;
				CLANG_ANALYZER_NUMBER_OBJECT_CONVERSION = YES_AGGRESSIVE;
				CLANG_CXX_LANGUAGE_STANDARD = "gnu++14";
				CLANG_CXX_LIBRARY = "libc++";
				CLANG_ENABLE_MODULES = YES;
				CLANG_ENABLE_OBJC_ARC = YES;
				CLANG_ENABLE_OBJC_WEAK = YES;
				CLANG_WARN_BLOCK_CAPTURE_AUTORELEASING = YES;
				CLANG_WARN_BOOL_CONVERSION = YES;
				CLANG_WARN_COMMA = YES;
				CLANG_WARN_CONSTANT_CONVERSION = YES;
				CLANG_WARN_DEPRECATED_OBJC_IMPLEMENTATIONS = YES;
				CLANG_WARN_DIRECT_OBJC_ISA_USAGE = YES_ERROR;
				CLANG_WARN_DOCUMENTATION_COMMENTS = YES;
				CLANG_WARN_EMPTY_BODY = YES;
				CLANG_WARN_ENUM_CONVERSION = YES;
				CLANG_WARN_INFINITE_RECURSION = YES;
				CLANG_WARN_INT_CONVERSION = YES;
				CLANG_WARN_NON_LITERAL_NULL_CONVERSION = YES;
				CLANG_WARN_OBJC_IMPLICIT_RETAIN_SELF = YES;
				CLANG_WARN_OBJC_LITERAL_CONVERSION = YES;
				CLANG_WARN_OBJC_ROOT_CLASS = YES_ERROR;
				CLANG_WARN_QUOTED_INCLUDE_IN_FRAMEWORK_HEADER = YES;
				CLANG_WARN_RANGE_LOOP_ANALYSIS = YES;
				CLANG_WARN_STRICT_PROTOTYPES = YES;
				CLANG_WARN_SUSPICIOUS_MOVE = YES;
				CLANG_WARN_UNGUARDED_AVAILABILITY = YES_AGGRESSIVE;
				CLANG_WARN_UNREACHABLE_CODE = YES;
				CLANG_WARN__DUPLICATE_METHOD_MATCH = YES;
				COPY_PHASE_STRIP = NO;
				DEBUG_INFORMATION_FORMAT = "dwarf-with-dsym";
				ENABLE_NS_ASSERTIONS = NO;
				ENABLE_STRICT_OBJC_MSGSEND = YES;
				GCC_C_LANGUAGE_STANDARD = gnu11;
				GCC_NO_COMMON_BLOCKS = YES;
				GCC_WARN_64_TO_32_BIT_CONVERSION = YES;
				GCC_WARN_ABOUT_RETURN_TYPE = YES_ERROR;
				GCC_WARN_UNDECLARED_SELECTOR = YES;
				GCC_WARN_UNINITIALIZED_AUTOS = YES_AGGRESSIVE;
				GCC_WARN_UNUSED_FUNCTION = YES;
				GCC_WARN_UNUSED_VARIABLE = YES;
				IPHONEOS_DEPLOYMENT_TARGET = 14.5;
				MTL_ENABLE_DEBUG_INFO = NO;
				MTL_FAST_MATH = YES;
				SDKROOT = iphoneos;
				SWIFT_COMPILATION_MODE = wholemodule;
				SWIFT_OPTIMIZATION_LEVEL = "-O";
				VALIDATE_PRODUCT = YES;
			};
			name = Release;
		};
		F87F1D75269C258500E9BB38 /* Debug */ = {
			isa = XCBuildConfiguration;
			buildSettings = {
				ASSETCATALOG_COMPILER_APPICON_NAME = AppIcon;
				ASSETCATALOG_COMPILER_GLOBAL_ACCENT_COLOR_NAME = AccentColor;
				CODE_SIGN_STYLE = Automatic;
				DEVELOPMENT_ASSET_PATHS = "\"SocialMedia/Preview Content\"";
				DEVELOPMENT_TEAM = QJG8TQF365;
				ENABLE_PREVIEWS = YES;
				INFOPLIST_FILE = SocialMedia/Info.plist;
				IPHONEOS_DEPLOYMENT_TARGET = 14.0;
				LD_RUNPATH_SEARCH_PATHS = (
					"$(inherited)",
					"@executable_path/Frameworks",
				);
				PRODUCT_BUNDLE_IDENTIFIER = "immersia.com.au.social-media";
				PRODUCT_NAME = "$(TARGET_NAME)";
				SWIFT_VERSION = 5.0;
				TARGETED_DEVICE_FAMILY = "1,2";
			};
			name = Debug;
		};
		F87F1D76269C258500E9BB38 /* Release */ = {
			isa = XCBuildConfiguration;
			buildSettings = {
				ASSETCATALOG_COMPILER_APPICON_NAME = AppIcon;
				ASSETCATALOG_COMPILER_GLOBAL_ACCENT_COLOR_NAME = AccentColor;
				CODE_SIGN_STYLE = Automatic;
				DEVELOPMENT_ASSET_PATHS = "\"SocialMedia/Preview Content\"";
				DEVELOPMENT_TEAM = QJG8TQF365;
				ENABLE_PREVIEWS = YES;
				INFOPLIST_FILE = SocialMedia/Info.plist;
				IPHONEOS_DEPLOYMENT_TARGET = 14.0;
				LD_RUNPATH_SEARCH_PATHS = (
					"$(inherited)",
					"@executable_path/Frameworks",
				);
				PRODUCT_BUNDLE_IDENTIFIER = "immersia.com.au.social-media";
				PRODUCT_NAME = "$(TARGET_NAME)";
				SWIFT_VERSION = 5.0;
				TARGETED_DEVICE_FAMILY = "1,2";
			};
			name = Release;
		};
/* End XCBuildConfiguration section */

/* Begin XCConfigurationList section */
		F87F1D60269C258300E9BB38 /* Build configuration list for PBXProject "social-media" */ = {
			isa = XCConfigurationList;
			buildConfigurations = (
				F87F1D72269C258500E9BB38 /* Debug */,
				F87F1D73269C258500E9BB38 /* Release */,
			);
			defaultConfigurationIsVisible = 0;
			defaultConfigurationName = Release;
		};
		F87F1D74269C258500E9BB38 /* Build configuration list for PBXNativeTarget "social-media" */ = {
			isa = XCConfigurationList;
			buildConfigurations = (
				F87F1D75269C258500E9BB38 /* Debug */,
				F87F1D76269C258500E9BB38 /* Release */,
			);
			defaultConfigurationIsVisible = 0;
			defaultConfigurationName = Release;
		};
/* End XCConfigurationList section */
	};
	rootObject = F87F1D5D269C258300E9BB38 /* Project object */;
}
